// !$*UTF8*$!
{
	archiveVersion = 1;
	classes = {
	};
	objectVersion = 50;
	objects = {

/* Begin PBXBuildFile section */
		163A0ED823CF03AA0043D9C6 /* FriendsControllerHelper.swift in Sources */ = {isa = PBXBuildFile; fileRef = 163A0ED723CF03AA0043D9C6 /* FriendsControllerHelper.swift */; };
		169F84C123C95362003A224D /* AppDelegate.swift in Sources */ = {isa = PBXBuildFile; fileRef = 169F84C023C95362003A224D /* AppDelegate.swift */; };
		169F84C323C95362003A224D /* SceneDelegate.swift in Sources */ = {isa = PBXBuildFile; fileRef = 169F84C223C95362003A224D /* SceneDelegate.swift */; };
		169F84C523C95362003A224D /* FriendsController.swift in Sources */ = {isa = PBXBuildFile; fileRef = 169F84C423C95362003A224D /* FriendsController.swift */; };
		169F84CB23C95362003A224D /* MessengerClone.xcdatamodeld in Sources */ = {isa = PBXBuildFile; fileRef = 169F84C923C95362003A224D /* MessengerClone.xcdatamodeld */; };
		169F84CD23C95366003A224D /* Assets.xcassets in Resources */ = {isa = PBXBuildFile; fileRef = 169F84CC23C95366003A224D /* Assets.xcassets */; };
		169F84D023C95366003A224D /* LaunchScreen.storyboard in Resources */ = {isa = PBXBuildFile; fileRef = 169F84CE23C95366003A224D /* LaunchScreen.storyboard */; };
		16D6A1FA23D04B1D0022A4E8 /* Message+CoreDataClass.swift in Sources */ = {isa = PBXBuildFile; fileRef = 16D6A1F623D04B1D0022A4E8 /* Message+CoreDataClass.swift */; };
		16D6A1FB23D04B1D0022A4E8 /* Message+CoreDataProperties.swift in Sources */ = {isa = PBXBuildFile; fileRef = 16D6A1F723D04B1D0022A4E8 /* Message+CoreDataProperties.swift */; };
		16D6A1FC23D04B1D0022A4E8 /* Friend+CoreDataClass.swift in Sources */ = {isa = PBXBuildFile; fileRef = 16D6A1F823D04B1D0022A4E8 /* Friend+CoreDataClass.swift */; };
		16D6A1FD23D04B1D0022A4E8 /* Friend+CoreDataProperties.swift in Sources */ = {isa = PBXBuildFile; fileRef = 16D6A1F923D04B1D0022A4E8 /* Friend+CoreDataProperties.swift */; };
		16D6A1FF23D04BA00022A4E8 /* ChatLogController.swift in Sources */ = {isa = PBXBuildFile; fileRef = 16D6A1FE23D04BA00022A4E8 /* ChatLogController.swift */; };
		16D6A20123D2C1EE0022A4E8 /* CustomTabBarController.swift in Sources */ = {isa = PBXBuildFile; fileRef = 16D6A20023D2C1EE0022A4E8 /* CustomTabBarController.swift */; };
/* End PBXBuildFile section */

/* Begin PBXFileReference section */
		163A0ED723CF03AA0043D9C6 /* FriendsControllerHelper.swift */ = {isa = PBXFileReference; lastKnownFileType = sourcecode.swift; path = FriendsControllerHelper.swift; sourceTree = "<group>"; };
		169F84BD23C95362003A224D /* MessengerClone.app */ = {isa = PBXFileReference; explicitFileType = wrapper.application; includeInIndex = 0; path = MessengerClone.app; sourceTree = BUILT_PRODUCTS_DIR; };
		169F84C023C95362003A224D /* AppDelegate.swift */ = {isa = PBXFileReference; lastKnownFileType = sourcecode.swift; path = AppDelegate.swift; sourceTree = "<group>"; };
		169F84C223C95362003A224D /* SceneDelegate.swift */ = {isa = PBXFileReference; lastKnownFileType = sourcecode.swift; path = SceneDelegate.swift; sourceTree = "<group>"; };
		169F84C423C95362003A224D /* FriendsController.swift */ = {isa = PBXFileReference; lastKnownFileType = sourcecode.swift; path = FriendsController.swift; sourceTree = "<group>"; };
		169F84CA23C95362003A224D /* MessengerClone.xcdatamodel */ = {isa = PBXFileReference; lastKnownFileType = wrapper.xcdatamodel; path = MessengerClone.xcdatamodel; sourceTree = "<group>"; };
		169F84CC23C95366003A224D /* Assets.xcassets */ = {isa = PBXFileReference; lastKnownFileType = folder.assetcatalog; path = Assets.xcassets; sourceTree = "<group>"; };
		169F84CF23C95366003A224D /* Base */ = {isa = PBXFileReference; lastKnownFileType = file.storyboard; name = Base; path = Base.lproj/LaunchScreen.storyboard; sourceTree = "<group>"; };
		169F84D123C95366003A224D /* Info.plist */ = {isa = PBXFileReference; lastKnownFileType = text.plist.xml; path = Info.plist; sourceTree = "<group>"; };
		16D6A1F623D04B1D0022A4E8 /* Message+CoreDataClass.swift */ = {isa = PBXFileReference; lastKnownFileType = sourcecode.swift; path = "Message+CoreDataClass.swift"; sourceTree = SOURCE_ROOT; };
		16D6A1F723D04B1D0022A4E8 /* Message+CoreDataProperties.swift */ = {isa = PBXFileReference; lastKnownFileType = sourcecode.swift; path = "Message+CoreDataProperties.swift"; sourceTree = SOURCE_ROOT; };
		16D6A1F823D04B1D0022A4E8 /* Friend+CoreDataClass.swift */ = {isa = PBXFileReference; lastKnownFileType = sourcecode.swift; path = "Friend+CoreDataClass.swift"; sourceTree = SOURCE_ROOT; };
		16D6A1F923D04B1D0022A4E8 /* Friend+CoreDataProperties.swift */ = {isa = PBXFileReference; lastKnownFileType = sourcecode.swift; path = "Friend+CoreDataProperties.swift"; sourceTree = SOURCE_ROOT; };
		16D6A1FE23D04BA00022A4E8 /* ChatLogController.swift */ = {isa = PBXFileReference; lastKnownFileType = sourcecode.swift; path = ChatLogController.swift; sourceTree = "<group>"; };
		16D6A20023D2C1EE0022A4E8 /* CustomTabBarController.swift */ = {isa = PBXFileReference; lastKnownFileType = sourcecode.swift; path = CustomTabBarController.swift; sourceTree = "<group>"; };
/* End PBXFileReference section */

/* Begin PBXFrameworksBuildPhase section */
		169F84BA23C95362003A224D /* Frameworks */ = {
			isa = PBXFrameworksBuildPhase;
			buildActionMask = 2147483647;
			files = (
			);
			runOnlyForDeploymentPostprocessing = 0;
		};
/* End PBXFrameworksBuildPhase section */

/* Begin PBXGroup section */
		169F84B423C95362003A224D = {
			isa = PBXGroup;
			children = (
				169F84BF23C95362003A224D /* MessengerClone */,
				169F84BE23C95362003A224D /* Products */,
			);
			sourceTree = "<group>";
		};
		169F84BE23C95362003A224D /* Products */ = {
			isa = PBXGroup;
			children = (
				169F84BD23C95362003A224D /* MessengerClone.app */,
			);
			name = Products;
			sourceTree = "<group>";
		};
		169F84BF23C95362003A224D /* MessengerClone */ = {
			isa = PBXGroup;
			children = (
				16D6A1F623D04B1D0022A4E8 /* Message+CoreDataClass.swift */,
				16D6A1F723D04B1D0022A4E8 /* Message+CoreDataProperties.swift */,
				16D6A1F823D04B1D0022A4E8 /* Friend+CoreDataClass.swift */,
				16D6A1F923D04B1D0022A4E8 /* Friend+CoreDataProperties.swift */,
				169F84C023C95362003A224D /* AppDelegate.swift */,
				169F84C223C95362003A224D /* SceneDelegate.swift */,
				169F84C423C95362003A224D /* FriendsController.swift */,
				16D6A1FE23D04BA00022A4E8 /* ChatLogController.swift */,
				163A0ED723CF03AA0043D9C6 /* FriendsControllerHelper.swift */,
				169F84CC23C95366003A224D /* Assets.xcassets */,
				169F84CE23C95366003A224D /* LaunchScreen.storyboard */,
				169F84D123C95366003A224D /* Info.plist */,
				169F84C923C95362003A224D /* MessengerClone.xcdatamodeld */,
				16D6A20023D2C1EE0022A4E8 /* CustomTabBarController.swift */,
			);
			path = MessengerClone;
			sourceTree = "<group>";
		};
/* End PBXGroup section */

/* Begin PBXNativeTarget section */
		169F84BC23C95362003A224D /* MessengerClone */ = {
			isa = PBXNativeTarget;
			buildConfigurationList = 169F84D423C95366003A224D /* Build configuration list for PBXNativeTarget "MessengerClone" */;
			buildPhases = (
				169F84B923C95362003A224D /* Sources */,
				169F84BA23C95362003A224D /* Frameworks */,
				169F84BB23C95362003A224D /* Resources */,
			);
			buildRules = (
			);
			dependencies = (
			);
			name = MessengerClone;
			productName = MessengerClone;
			productReference = 169F84BD23C95362003A224D /* MessengerClone.app */;
			productType = "com.apple.product-type.application";
		};
/* End PBXNativeTarget section */

/* Begin PBXProject section */
		169F84B523C95362003A224D /* Project object */ = {
			isa = PBXProject;
			attributes = {
				LastSwiftUpdateCheck = 1100;
				LastUpgradeCheck = 1100;
				ORGANIZATIONNAME = "Lucas Rocha";
				TargetAttributes = {
					169F84BC23C95362003A224D = {
						CreatedOnToolsVersion = 11.0;
					};
				};
			};
			buildConfigurationList = 169F84B823C95362003A224D /* Build configuration list for PBXProject "MessengerClone" */;
			compatibilityVersion = "Xcode 9.3";
			developmentRegion = en;
			hasScannedForEncodings = 0;
			knownRegions = (
				en,
				Base,
			);
			mainGroup = 169F84B423C95362003A224D;
			productRefGroup = 169F84BE23C95362003A224D /* Products */;
			projectDirPath = "";
			projectRoot = "";
			targets = (
				169F84BC23C95362003A224D /* MessengerClone */,
			);
		};
/* End PBXProject section */

/* Begin PBXResourcesBuildPhase section */
		169F84BB23C95362003A224D /* Resources */ = {
			isa = PBXResourcesBuildPhase;
			buildActionMask = 2147483647;
			files = (
				169F84D023C95366003A224D /* LaunchScreen.storyboard in Resources */,
				169F84CD23C95366003A224D /* Assets.xcassets in Resources */,
			);
			runOnlyForDeploymentPostprocessing = 0;
		};
/* End PBXResourcesBuildPhase section */

/* Begin PBXSourcesBuildPhase section */
		169F84B923C95362003A224D /* Sources */ = {
			isa = PBXSourcesBuildPhase;
			buildActionMask = 2147483647;
			files = (
				16D6A1FF23D04BA00022A4E8 /* ChatLogController.swift in Sources */,
				169F84C523C95362003A224D /* FriendsController.swift in Sources */,
				16D6A1FC23D04B1D0022A4E8 /* Friend+CoreDataClass.swift in Sources */,
				16D6A1FD23D04B1D0022A4E8 /* Friend+CoreDataProperties.swift in Sources */,
				169F84CB23C95362003A224D /* MessengerClone.xcdatamodeld in Sources */,
				16D6A20123D2C1EE0022A4E8 /* CustomTabBarController.swift in Sources */,
				169F84C123C95362003A224D /* AppDelegate.swift in Sources */,
				16D6A1FA23D04B1D0022A4E8 /* Message+CoreDataClass.swift in Sources */,
				16D6A1FB23D04B1D0022A4E8 /* Message+CoreDataProperties.swift in Sources */,
				169F84C323C95362003A224D /* SceneDelegate.swift in Sources */,
				163A0ED823CF03AA0043D9C6 /* FriendsControllerHelper.swift in Sources */,
			);
			runOnlyForDeploymentPostprocessing = 0;
		};
/* End PBXSourcesBuildPhase section */

/* Begin PBXVariantGroup section */
		169F84CE23C95366003A224D /* LaunchScreen.storyboard */ = {
			isa = PBXVariantGroup;
			children = (
				169F84CF23C95366003A224D /* Base */,
			);
			name = LaunchScreen.storyboard;
			sourceTree = "<group>";
		};
/* End PBXVariantGroup section */

/* Begin XCBuildConfiguration section */
		169F84D223C95366003A224D /* Debug */ = {
			isa = XCBuildConfiguration;
			buildSettings = {
				ALWAYS_SEARCH_USER_PATHS = NO;
				CLANG_ANALYZER_NONNULL = YES;
				CLANG_ANALYZER_NUMBER_OBJECT_CONVERSION = YES_AGGRESSIVE;
				CLANG_CXX_LANGUAGE_STANDARD = "gnu++14";
				CLANG_CXX_LIBRARY = "libc++";
				CLANG_ENABLE_MODULES = YES;
				CLANG_ENABLE_OBJC_ARC = YES;
				CLANG_ENABLE_OBJC_WEAK = YES;
				CLANG_WARN_BLOCK_CAPTURE_AUTORELEASING = YES;
				CLANG_WARN_BOOL_CONVERSION = YES;
				CLANG_WARN_COMMA = YES;
				CLANG_WARN_CONSTANT_CONVERSION = YES;
				CLANG_WARN_DEPRECATED_OBJC_IMPLEMENTATIONS = YES;
				CLANG_WARN_DIRECT_OBJC_ISA_USAGE = YES_ERROR;
				CLANG_WARN_DOCUMENTATION_COMMENTS = YES;
				CLANG_WARN_EMPTY_BODY = YES;
				CLANG_WARN_ENUM_CONVERSION = YES;
				CLANG_WARN_INFINITE_RECURSION = YES;
				CLANG_WARN_INT_CONVERSION = YES;
				CLANG_WARN_NON_LITERAL_NULL_CONVERSION = YES;
				CLANG_WARN_OBJC_IMPLICIT_RETAIN_SELF = YES;
				CLANG_WARN_OBJC_LITERAL_CONVERSION = YES;
				CLANG_WARN_OBJC_ROOT_CLASS = YES_ERROR;
				CLANG_WARN_RANGE_LOOP_ANALYSIS = YES;
				CLANG_WARN_STRICT_PROTOTYPES = YES;
				CLANG_WARN_SUSPICIOUS_MOVE = YES;
				CLANG_WARN_UNGUARDED_AVAILABILITY = YES_AGGRESSIVE;
				CLANG_WARN_UNREACHABLE_CODE = YES;
				CLANG_WARN__DUPLICATE_METHOD_MATCH = YES;
				COPY_PHASE_STRIP = NO;
				DEBUG_INFORMATION_FORMAT = dwarf;
				ENABLE_STRICT_OBJC_MSGSEND = YES;
				ENABLE_TESTABILITY = YES;
				GCC_C_LANGUAGE_STANDARD = gnu11;
				GCC_DYNAMIC_NO_PIC = NO;
				GCC_NO_COMMON_BLOCKS = YES;
				GCC_OPTIMIZATION_LEVEL = 0;
				GCC_PREPROCESSOR_DEFINITIONS = (
					"DEBUG=1",
					"$(inherited)",
				);
				GCC_WARN_64_TO_32_BIT_CONVERSION = YES;
				GCC_WARN_ABOUT_RETURN_TYPE = YES_ERROR;
				GCC_WARN_UNDECLARED_SELECTOR = YES;
				GCC_WARN_UNINITIALIZED_AUTOS = YES_AGGRESSIVE;
				GCC_WARN_UNUSED_FUNCTION = YES;
				GCC_WARN_UNUSED_VARIABLE = YES;
				IPHONEOS_DEPLOYMENT_TARGET = 13.0;
				MTL_ENABLE_DEBUG_INFO = INCLUDE_SOURCE;
				MTL_FAST_MATH = YES;
				ONLY_ACTIVE_ARCH = YES;
				SDKROOT = iphoneos;
				SWIFT_ACTIVE_COMPILATION_CONDITIONS = DEBUG;
				SWIFT_OPTIMIZATION_LEVEL = "-Onone";
			};
			name = Debug;
		};
		169F84D323C95366003A224D /* Release */ = {
			isa = XCBuildConfiguration;
			buildSettings = {
				ALWAYS_SEARCH_USER_PATHS = NO;
				CLANG_ANALYZER_NONNULL = YES;
				CLANG_ANALYZER_NUMBER_OBJECT_CONVERSION = YES_AGGRESSIVE;
				CLANG_CXX_LANGUAGE_STANDARD = "gnu++14";
				CLANG_CXX_LIBRARY = "libc++";
				CLANG_ENABLE_MODULES = YES;
				CLANG_ENABLE_OBJC_ARC = YES;
				CLANG_ENABLE_OBJC_WEAK = YES;
				CLANG_WARN_BLOCK_CAPTURE_AUTORELEASING = YES;
				CLANG_WARN_BOOL_CONVERSION = YES;
				CLANG_WARN_COMMA = YES;
				CLANG_WARN_CONSTANT_CONVERSION = YES;
				CLANG_WARN_DEPRECATED_OBJC_IMPLEMENTATIONS = YES;
				CLANG_WARN_DIRECT_OBJC_ISA_USAGE = YES_ERROR;
				CLANG_WARN_DOCUMENTATION_COMMENTS = YES;
				CLANG_WARN_EMPTY_BODY = YES;
				CLANG_WARN_ENUM_CONVERSION = YES;
				CLANG_WARN_INFINITE_RECURSION = YES;
				CLANG_WARN_INT_CONVERSION = YES;
				CLANG_WARN_NON_LITERAL_NULL_CONVERSION = YES;
				CLANG_WARN_OBJC_IMPLICIT_RETAIN_SELF = YES;
				CLANG_WARN_OBJC_LITERAL_CONVERSION = YES;
				CLANG_WARN_OBJC_ROOT_CLASS = YES_ERROR;
				CLANG_WARN_RANGE_LOOP_ANALYSIS = YES;
				CLANG_WARN_STRICT_PROTOTYPES = YES;
				CLANG_WARN_SUSPICIOUS_MOVE = YES;
				CLANG_WARN_UNGUARDED_AVAILABILITY = YES_AGGRESSIVE;
				CLANG_WARN_UNREACHABLE_CODE = YES;
				CLANG_WARN__DUPLICATE_METHOD_MATCH = YES;
				COPY_PHASE_STRIP = NO;
				DEBUG_INFORMATION_FORMAT = "dwarf-with-dsym";
				ENABLE_NS_ASSERTIONS = NO;
				ENABLE_STRICT_OBJC_MSGSEND = YES;
				GCC_C_LANGUAGE_STANDARD = gnu11;
				GCC_NO_COMMON_BLOCKS = YES;
				GCC_WARN_64_TO_32_BIT_CONVERSION = YES;
				GCC_WARN_ABOUT_RETURN_TYPE = YES_ERROR;
				GCC_WARN_UNDECLARED_SELECTOR = YES;
				GCC_WARN_UNINITIALIZED_AUTOS = YES_AGGRESSIVE;
				GCC_WARN_UNUSED_FUNCTION = YES;
				GCC_WARN_UNUSED_VARIABLE = YES;
				IPHONEOS_DEPLOYMENT_TARGET = 13.0;
				MTL_ENABLE_DEBUG_INFO = NO;
				MTL_FAST_MATH = YES;
				SDKROOT = iphoneos;
				SWIFT_COMPILATION_MODE = wholemodule;
				SWIFT_OPTIMIZATION_LEVEL = "-O";
				VALIDATE_PRODUCT = YES;
			};
			name = Release;
		};
		169F84D523C95366003A224D /* Debug */ = {
			isa = XCBuildConfiguration;
			buildSettings = {
				ASSETCATALOG_COMPILER_APPICON_NAME = AppIcon;
				CODE_SIGN_STYLE = Automatic;
				DEVELOPMENT_TEAM = KJUJ6544SG;
				INFOPLIST_FILE = MessengerClone/Info.plist;
				LD_RUNPATH_SEARCH_PATHS = (
					"$(inherited)",
					"@executable_path/Frameworks",
				);
				PRODUCT_BUNDLE_IDENTIFIER = com.lucasrocha.MessengerClone;
				PRODUCT_NAME = "$(TARGET_NAME)";
				SWIFT_VERSION = 5.0;
				TARGETED_DEVICE_FAMILY = "1,2";
			};
			name = Debug;
		};
		169F84D623C95366003A224D /* Release */ = {
			isa = XCBuildConfiguration;
			buildSettings = {
				ASSETCATALOG_COMPILER_APPICON_NAME = AppIcon;
				CODE_SIGN_STYLE = Automatic;
				DEVELOPMENT_TEAM = KJUJ6544SG;
				INFOPLIST_FILE = MessengerClone/Info.plist;
				LD_RUNPATH_SEARCH_PATHS = (
					"$(inherited)",
					"@executable_path/Frameworks",
				);
				PRODUCT_BUNDLE_IDENTIFIER = com.lucasrocha.MessengerClone;
				PRODUCT_NAME = "$(TARGET_NAME)";
				SWIFT_VERSION = 5.0;
				TARGETED_DEVICE_FAMILY = "1,2";
			};
			name = Release;
		};
/* End XCBuildConfiguration section */

/* Begin XCConfigurationList section */
		169F84B823C95362003A224D /* Build configuration list for PBXProject "MessengerClone" */ = {
			isa = XCConfigurationList;
			buildConfigurations = (
				169F84D223C95366003A224D /* Debug */,
				169F84D323C95366003A224D /* Release */,
			);
			defaultConfigurationIsVisible = 0;
			defaultConfigurationName = Release;
		};
		169F84D423C95366003A224D /* Build configuration list for PBXNativeTarget "MessengerClone" */ = {
			isa = XCConfigurationList;
			buildConfigurations = (
				169F84D523C95366003A224D /* Debug */,
				169F84D623C95366003A224D /* Release */,
			);
			defaultConfigurationIsVisible = 0;
			defaultConfigurationName = Release;
		};
/* End XCConfigurationList section */

/* Begin XCVersionGroup section */
		169F84C923C95362003A224D /* MessengerClone.xcdatamodeld */ = {
			isa = XCVersionGroup;
			children = (
				169F84CA23C95362003A224D /* MessengerClone.xcdatamodel */,
			);
			currentVersion = 169F84CA23C95362003A224D /* MessengerClone.xcdatamodel */;
			path = MessengerClone.xcdatamodeld;
			sourceTree = "<group>";
			versionGroupType = wrapper.xcdatamodel;
		};
/* End XCVersionGroup section */
	};
	rootObject = 169F84B523C95362003A224D /* Project object */;
}
